PODS:
  - Alamofire (4.9.1)
  - AlamofireImage (3.6.0):
    - Alamofire (~> 4.9)
  - AnimatedField (2.4.4)
  - AttributedLib (3.0.0)
  - DateScrollPicker (1.1.0)
  - EmptyDataSet-Swift (5.0.0)
  - GeometricLoaders (1.1.1)
  - GradientAnimator (1.3.1)
  - KeychainAccess (4.2.0)
  - LGButton (1.1.6)
  - Nimble (8.1.1)
  - PromiseKit (6.13.1):
    - PromiseKit/CorePromise (= 6.13.1)
    - PromiseKit/Foundation (= 6.13.1)
    - PromiseKit/UIKit (= 6.13.1)
  - PromiseKit/Alamofire (6.13.1):
    - Alamofire (~> 4.0)
    - PromiseKit/CorePromise
  - PromiseKit/CorePromise (6.13.1)
  - PromiseKit/Foundation (6.13.1):
    - PromiseKit/CorePromise
  - PromiseKit/UIKit (6.13.1):
    - PromiseKit/CorePromise
  - Quick (3.0.0)
  - QuickLayout (3.0.0)
  - Require (2.0.0)
  - SwiftEntryKit (1.2.3):
    - QuickLayout (= 3.0.0)

DEPENDENCIES:
  - AlamofireImage
  - AnimatedField (from `https://github.com/nikburnt/AnimatedField.git`, branch `master`)
  - AttributedLib
  - DateScrollPicker
  - EmptyDataSet-Swift
  - GeometricLoaders (from `https://github.com/nikburnt/GeometricLoaders`, branch `develop`)
  - GradientAnimator
  - KeychainAccess
  - LGButton
  - Nimble
  - PromiseKit
  - PromiseKit/Alamofire
  - Quick
  - Require
  - SwiftEntryKit

SPEC REPOS:
  trunk:
    - Alamofire
    - AlamofireImage
    - AttributedLib
    - DateScrollPicker
    - EmptyDataSet-Swift
    - GradientAnimator
    - KeychainAccess
    - LGButton
    - Nimble
    - PromiseKit
    - Quick
    - QuickLayout
    - Require
    - SwiftEntryKit

EXTERNAL SOURCES:
  AnimatedField:
    :branch: master
    :git: https://github.com/nikburnt/AnimatedField.git
  GeometricLoaders:
    :branch: develop
    :git: https://github.com/nikburnt/GeometricLoaders

CHECKOUT OPTIONS:
  AnimatedField:
    :commit: 8711ea3f9adb326e9c1af63b644f35f0815f4228
    :git: https://github.com/nikburnt/AnimatedField.git
  GeometricLoaders:
    :commit: fc54d1d92dd72b5cc9c20740ee3ff8e4d6ed061e
    :git: https://github.com/nikburnt/GeometricLoaders

SPEC CHECKSUMS:
  Alamofire: 85e8a02c69d6020a0d734f6054870d7ecb75cf18
  AlamofireImage: be9963c6582d68b39e89191f64c82a7d7bf40fdd
  AnimatedField: af48a2d59a50b33b30446267f7f2af274296203c
  AttributedLib: ad537d4f9285ed57fc4d9103dd83c2ee6be1582b
  DateScrollPicker: 95cbb220b28a5dd95c97018dd278c074842c7e21
  EmptyDataSet-Swift: eb382c0c87a2d9c678077385a595cec52da38171
  GeometricLoaders: 4fbbeb569cf0ea647c620a9ffb87c9e63812e743
  GradientAnimator: 30c054568a68b5b03ae26586fdfca21036f6ad92
  KeychainAccess: 3f760109aa99b05d0f231e28b22642da7153e38a
  LGButton: 9f0a7f9d3030e3f504108342f6b66d64a429371b
  Nimble: 5f8a2fb6fa343a7242dfdd9d42f7267419d464b2
  PromiseKit: 28fda91c973cc377875d8c0ea4f973013c05b6db
  Quick: 6d9559f40647bc4d510103842ef2fdd882d753e2
  QuickLayout: 07b45a72b10083fee3f095990cfed1c1e7b27f0a
  Require: f93abc18dda985f665465cf027cea7166455fb28
  SwiftEntryKit: 340713c2e4a6662c5149629990bf1088bf5f0389

PODFILE CHECKSUM: 2290840799fe7bdfeecf052dc05e3a86a1d8fa43

COCOAPODS: 1.8.4
