// !$*UTF8*$!
{
	archiveVersion = 1;
	classes = {
	};
	objectVersion = 52;
	objects = {

/* Begin PBXBuildFile section */
		1C09D14C2491375E00319BEC /* PublicUser.swift in Sources */ = {isa = PBXBuildFile; fileRef = 1C09D14A2491375E00319BEC /* PublicUser.swift */; };
		1C09D14D2491375E00319BEC /* PublicToken.swift in Sources */ = {isa = PBXBuildFile; fileRef = 1C09D14B2491375E00319BEC /* PublicToken.swift */; };
		1C0ECF762477B7E200D5A597 /* Token+Public.swift in Sources */ = {isa = PBXBuildFile; fileRef = 1C0ECF752477B7E100D5A597 /* Token+Public.swift */; };
		1C0ECF782477C8F400D5A597 /* User+Update.swift in Sources */ = {isa = PBXBuildFile; fileRef = 1C0ECF772477C8F400D5A597 /* User+Update.swift */; };
		1C0ECF7A2477CA5100D5A597 /* User+Registration.swift in Sources */ = {isa = PBXBuildFile; fileRef = 1C0ECF792477CA5100D5A597 /* User+Registration.swift */; };
		1C0ECF7C2477D1F200D5A597 /* User+Password.swift in Sources */ = {isa = PBXBuildFile; fileRef = 1C0ECF7B2477D1F200D5A597 /* User+Password.swift */; };
		1C0ECF7E2478036D00D5A597 /* User+Avatar.swift in Sources */ = {isa = PBXBuildFile; fileRef = 1C0ECF7D2478036D00D5A597 /* User+Avatar.swift */; };
		1C0ECF812479488300D5A597 /* Theater.swift in Sources */ = {isa = PBXBuildFile; fileRef = 1C0ECF802479488300D5A597 /* Theater.swift */; };
		1C0ECF832479491100D5A597 /* Theater+Content.swift in Sources */ = {isa = PBXBuildFile; fileRef = 1C0ECF822479491100D5A597 /* Theater+Content.swift */; };
		1C0ECF8724794A9000D5A597 /* Theater+Parameter.swift in Sources */ = {isa = PBXBuildFile; fileRef = 1C0ECF8624794A9000D5A597 /* Theater+Parameter.swift */; };
		1C0FC571246C3FE6002E0EA4 /* BaseDestination+ConsoleDestination.swift in Sources */ = {isa = PBXBuildFile; fileRef = 1C0FC570246C3FE6002E0EA4 /* BaseDestination+ConsoleDestination.swift */; };
		1C0FC573246C44EA002E0EA4 /* BaseDestination+FileDestination.swift in Sources */ = {isa = PBXBuildFile; fileRef = 1C0FC572246C44EA002E0EA4 /* BaseDestination+FileDestination.swift */; };
		1C0FC575246C4504002E0EA4 /* SwiftyBeaver+Configure.swift in Sources */ = {isa = PBXBuildFile; fileRef = 1C0FC574246C4504002E0EA4 /* SwiftyBeaver+Configure.swift */; };
		1C0FC577246C457D002E0EA4 /* BaseDestination+DefaultConfig.swift in Sources */ = {isa = PBXBuildFile; fileRef = 1C0FC576246C457D002E0EA4 /* BaseDestination+DefaultConfig.swift */; };
		1C0FC579246C483B002E0EA4 /* BaseDestination+SBPlatformDestination.swift in Sources */ = {isa = PBXBuildFile; fileRef = 1C0FC578246C483B002E0EA4 /* BaseDestination+SBPlatformDestination.swift */; };
		1C0FC57E246C8B17002E0EA4 /* BackyardOutput.swift in Sources */ = {isa = PBXBuildFile; fileRef = 1C0FC57D246C8B17002E0EA4 /* BackyardOutput.swift */; };
		1C0FC580246C8B25002E0EA4 /* OutputProcessor.swift in Sources */ = {isa = PBXBuildFile; fileRef = 1C0FC57F246C8B25002E0EA4 /* OutputProcessor.swift */; };
		1C0FC583246C8C5E002E0EA4 /* User.swift in Sources */ = {isa = PBXBuildFile; fileRef = 1C0FC582246C8C5E002E0EA4 /* User.swift */; };
		1C0FC586246D2C01002E0EA4 /* DataStorage.swift in Sources */ = {isa = PBXBuildFile; fileRef = 1C0FC585246D2C01002E0EA4 /* DataStorage.swift */; };
		1C0FC58B246D389A002E0EA4 /* MySQLDataStorage.swift in Sources */ = {isa = PBXBuildFile; fileRef = 1C0FC58A246D389A002E0EA4 /* MySQLDataStorage.swift */; };
		1C0FC591246DCC18002E0EA4 /* LoggerAPI in Frameworks */ = {isa = PBXBuildFile; productRef = 1C0FC590246DCC18002E0EA4 /* LoggerAPI */; };
		1C0FC594246DCC5E002E0EA4 /* SwiftSMTP in Frameworks */ = {isa = PBXBuildFile; productRef = 1C0FC593246DCC5E002E0EA4 /* SwiftSMTP */; };
		1C0FC597246DCD00002E0EA4 /* MailingService.swift in Sources */ = {isa = PBXBuildFile; fileRef = 1C0FC596246DCD00002E0EA4 /* MailingService.swift */; };
		1C0FC599246DCD74002E0EA4 /* SMTPMailingService.swift in Sources */ = {isa = PBXBuildFile; fileRef = 1C0FC598246DCD74002E0EA4 /* SMTPMailingService.swift */; };
		1C0FC59C246DD372002E0EA4 /* PasswordGenerator.swift in Sources */ = {isa = PBXBuildFile; fileRef = 1C0FC59B246DD372002E0EA4 /* PasswordGenerator.swift */; };
		1C0FC59E246E8B72002E0EA4 /* Token.swift in Sources */ = {isa = PBXBuildFile; fileRef = 1C0FC59D246E8B72002E0EA4 /* Token.swift */; };
		1C1D19422490A21200EEC254 /* NetUtils in Frameworks */ = {isa = PBXBuildFile; productRef = 1C1D19412490A21200EEC254 /* NetUtils */; };
		1C1DB21924804B480019CA92 /* PasswordStrength.swift in Sources */ = {isa = PBXBuildFile; fileRef = 1C1DB21524804B480019CA92 /* PasswordStrength.swift */; };
		1C1DB21A24804B480019CA92 /* PasswordStrengts+Enough.swift in Sources */ = {isa = PBXBuildFile; fileRef = 1C1DB21724804B480019CA92 /* PasswordStrengts+Enough.swift */; };
		1C577B28246FE2640047B87A /* BackyardVapor.swift in Sources */ = {isa = PBXBuildFile; fileRef = 1C577B27246FE2640047B87A /* BackyardVapor.swift */; };
		1C577B2C246FEA440047B87A /* SwiftyBeaverService.swift in Sources */ = {isa = PBXBuildFile; fileRef = 1C577B2B246FEA440047B87A /* SwiftyBeaverService.swift */; };
		1C577B2F24700ED40047B87A /* Authentication in Frameworks */ = {isa = PBXBuildFile; productRef = 1C577B2E24700ED40047B87A /* Authentication */; };
		1C577B3224713A180047B87A /* UsersControllerV1.swift in Sources */ = {isa = PBXBuildFile; fileRef = 1C577B3124713A180047B87A /* UsersControllerV1.swift */; };
		1C6727DC247A5918005E4BF7 /* Theater+Update.swift in Sources */ = {isa = PBXBuildFile; fileRef = 1C6727DB247A5918005E4BF7 /* Theater+Update.swift */; };
		1C6727DE247A5DA3005E4BF7 /* Theater+Create.swift in Sources */ = {isa = PBXBuildFile; fileRef = 1C6727DD247A5DA3005E4BF7 /* Theater+Create.swift */; };
		1C7B955A247BBA90009710B1 /* Theater+Picture.swift in Sources */ = {isa = PBXBuildFile; fileRef = 1C7B9559247BBA90009710B1 /* Theater+Picture.swift */; };
		1C7B955D247CFF1A009710B1 /* Auditorium.swift in Sources */ = {isa = PBXBuildFile; fileRef = 1C7B955C247CFF1A009710B1 /* Auditorium.swift */; };
		1C7B955F247CFF2A009710B1 /* Auditorium+Content.swift in Sources */ = {isa = PBXBuildFile; fileRef = 1C7B955E247CFF2A009710B1 /* Auditorium+Content.swift */; };
		1C7B9561247CFF33009710B1 /* Auditorium+Create.swift in Sources */ = {isa = PBXBuildFile; fileRef = 1C7B9560247CFF33009710B1 /* Auditorium+Create.swift */; };
		1C7B9563247CFF3E009710B1 /* Auditorium+Parameter.swift in Sources */ = {isa = PBXBuildFile; fileRef = 1C7B9562247CFF3E009710B1 /* Auditorium+Parameter.swift */; };
		1C7B9565247CFF4A009710B1 /* Auditorium+Picture.swift in Sources */ = {isa = PBXBuildFile; fileRef = 1C7B9564247CFF4A009710B1 /* Auditorium+Picture.swift */; };
		1C7B9567247CFF55009710B1 /* Auditorium+Update.swift in Sources */ = {isa = PBXBuildFile; fileRef = 1C7B9566247CFF55009710B1 /* Auditorium+Update.swift */; };
		1C7B956B247D106F009710B1 /* CommonCRUDController.swift in Sources */ = {isa = PBXBuildFile; fileRef = 1C7B956A247D106F009710B1 /* CommonCRUDController.swift */; };
		1C7D0BFB246B4E0B00139D45 /* Backyard.swift in Sources */ = {isa = PBXBuildFile; fileRef = 1C7D0BFA246B4E0B00139D45 /* Backyard.swift */; };
		1C7F66E22465AB5300781406 /* main.swift in Sources */ = {isa = PBXBuildFile; fileRef = 1C7F66E12465AB5300781406 /* main.swift */; };
		1C7F66F62466A1FC00781406 /* Vapor in Frameworks */ = {isa = PBXBuildFile; productRef = 1C7F66F52466A1FC00781406 /* Vapor */; };
		1C7F66F92466A22400781406 /* FluentMySQL in Frameworks */ = {isa = PBXBuildFile; productRef = 1C7F66F82466A22400781406 /* FluentMySQL */; };
		1C7F66FF2466A29200781406 /* CrudRouter in Frameworks */ = {isa = PBXBuildFile; productRef = 1C7F66FE2466A29200781406 /* CrudRouter */; };
		1C7F67022466A2B100781406 /* SwiftyBeaver in Frameworks */ = {isa = PBXBuildFile; productRef = 1C7F67012466A2B100781406 /* SwiftyBeaver */; };
		1C7F670E2466A36C00781406 /* ArgumentParser in Frameworks */ = {isa = PBXBuildFile; productRef = 1C7F670D2466A36C00781406 /* ArgumentParser */; };
		1C8020342467F1CB004031A1 /* Rainbow in Frameworks */ = {isa = PBXBuildFile; productRef = 1C8020332467F1CB004031A1 /* Rainbow */; };
		1C8020362468020D004031A1 /* CommandsProcessor.swift in Sources */ = {isa = PBXBuildFile; fileRef = 1C8020352468020D004031A1 /* CommandsProcessor.swift */; };
		1C80203824680777004031A1 /* ApplicationTests.swift in Sources */ = {isa = PBXBuildFile; fileRef = 1C80203724680777004031A1 /* ApplicationTests.swift */; };
		1C80203A24680A28004031A1 /* Vapor in Frameworks */ = {isa = PBXBuildFile; productRef = 1C80203924680A28004031A1 /* Vapor */; };
		1C80203C24680A28004031A1 /* FluentMySQL in Frameworks */ = {isa = PBXBuildFile; productRef = 1C80203B24680A28004031A1 /* FluentMySQL */; };
		1C80204024680A28004031A1 /* CrudRouter in Frameworks */ = {isa = PBXBuildFile; productRef = 1C80203F24680A28004031A1 /* CrudRouter */; };
		1C80204224680A28004031A1 /* SwiftyBeaver in Frameworks */ = {isa = PBXBuildFile; productRef = 1C80204124680A28004031A1 /* SwiftyBeaver */; };
		1C80204824680A28004031A1 /* ArgumentParser in Frameworks */ = {isa = PBXBuildFile; productRef = 1C80204724680A28004031A1 /* ArgumentParser */; };
		1C80204A24680A28004031A1 /* Rainbow in Frameworks */ = {isa = PBXBuildFile; productRef = 1C80204924680A28004031A1 /* Rainbow */; };
		1C80204C24680CEE004031A1 /* CommandLineApp.swift in Sources */ = {isa = PBXBuildFile; fileRef = 1CCAF1752466C2E500CEF646 /* CommandLineApp.swift */; };
		1C80204D24680CEE004031A1 /* CommandsProcessor.swift in Sources */ = {isa = PBXBuildFile; fileRef = 1C8020352468020D004031A1 /* CommandsProcessor.swift */; };
		1C802052246993B0004031A1 /* MySQL in Frameworks */ = {isa = PBXBuildFile; productRef = 1C802051246993B0004031A1 /* MySQL */; };
		1C8315CE2471608B004B9D0C /* User+TokenAuthenticatable.swift in Sources */ = {isa = PBXBuildFile; fileRef = 1C8315CD2471608B004B9D0C /* User+TokenAuthenticatable.swift */; };
		1C8315D024716093004B9D0C /* User+Public.swift in Sources */ = {isa = PBXBuildFile; fileRef = 1C8315CF24716093004B9D0C /* User+Public.swift */; };
		1C8315D224716521004B9D0C /* User+Content.swift in Sources */ = {isa = PBXBuildFile; fileRef = 1C8315D124716521004B9D0C /* User+Content.swift */; };
		1C8315D72471689D004B9D0C /* Token+BearerAuthenticatable.swift in Sources */ = {isa = PBXBuildFile; fileRef = 1C8315D62471689D004B9D0C /* Token+BearerAuthenticatable.swift */; };
		1C8315D9247168B0004B9D0C /* Token+AuthenticationToken.swift in Sources */ = {isa = PBXBuildFile; fileRef = 1C8315D8247168B0004B9D0C /* Token+AuthenticationToken.swift */; };
		1C8315DB24716991004B9D0C /* Token+Generation.swift in Sources */ = {isa = PBXBuildFile; fileRef = 1C8315DA24716991004B9D0C /* Token+Generation.swift */; };
		1C8315DD24716B28004B9D0C /* User+BasicAuthenticatable.swift in Sources */ = {isa = PBXBuildFile; fileRef = 1C8315DC24716B28004B9D0C /* User+BasicAuthenticatable.swift */; };
		1C8315DF24716CE0004B9D0C /* Token+Content.swift in Sources */ = {isa = PBXBuildFile; fileRef = 1C8315DE24716CE0004B9D0C /* Token+Content.swift */; };
		1C8315E124717648004B9D0C /* User+PasswordAuthenticatable.swift in Sources */ = {isa = PBXBuildFile; fileRef = 1C8315E024717648004B9D0C /* User+PasswordAuthenticatable.swift */; };
		1CCAF1762466C2E500CEF646 /* CommandLineApp.swift in Sources */ = {isa = PBXBuildFile; fileRef = 1CCAF1752466C2E500CEF646 /* CommandLineApp.swift */; };
		C46E562210D6D593D87373A4 /* libPods-backyardTests.a in Frameworks */ = {isa = PBXBuildFile; fileRef = 1D5A1C393E6A2B3FDCBA0B94 /* libPods-backyardTests.a */; };
/* End PBXBuildFile section */

/* Begin PBXCopyFilesBuildPhase section */
		1C7F66DC2465AB5300781406 /* CopyFiles */ = {
			isa = PBXCopyFilesBuildPhase;
			buildActionMask = 2147483647;
			dstPath = /usr/share/man/man1/;
			dstSubfolderSpec = 0;
			files = (
			);
			runOnlyForDeploymentPostprocessing = 1;
		};
/* End PBXCopyFilesBuildPhase section */

/* Begin PBXFileReference section */
		1C09D14A2491375E00319BEC /* PublicUser.swift */ = {isa = PBXFileReference; fileEncoding = 4; lastKnownFileType = sourcecode.swift; path = PublicUser.swift; sourceTree = "<group>"; };
		1C09D14B2491375E00319BEC /* PublicToken.swift */ = {isa = PBXFileReference; fileEncoding = 4; lastKnownFileType = sourcecode.swift; path = PublicToken.swift; sourceTree = "<group>"; };
		1C0ECF752477B7E100D5A597 /* Token+Public.swift */ = {isa = PBXFileReference; lastKnownFileType = sourcecode.swift; path = "Token+Public.swift"; sourceTree = "<group>"; };
		1C0ECF772477C8F400D5A597 /* User+Update.swift */ = {isa = PBXFileReference; lastKnownFileType = sourcecode.swift; path = "User+Update.swift"; sourceTree = "<group>"; };
		1C0ECF792477CA5100D5A597 /* User+Registration.swift */ = {isa = PBXFileReference; lastKnownFileType = sourcecode.swift; path = "User+Registration.swift"; sourceTree = "<group>"; };
		1C0ECF7B2477D1F200D5A597 /* User+Password.swift */ = {isa = PBXFileReference; lastKnownFileType = sourcecode.swift; path = "User+Password.swift"; sourceTree = "<group>"; };
		1C0ECF7D2478036D00D5A597 /* User+Avatar.swift */ = {isa = PBXFileReference; lastKnownFileType = sourcecode.swift; path = "User+Avatar.swift"; sourceTree = "<group>"; };
		1C0ECF802479488300D5A597 /* Theater.swift */ = {isa = PBXFileReference; lastKnownFileType = sourcecode.swift; path = Theater.swift; sourceTree = "<group>"; };
		1C0ECF822479491100D5A597 /* Theater+Content.swift */ = {isa = PBXFileReference; lastKnownFileType = sourcecode.swift; path = "Theater+Content.swift"; sourceTree = "<group>"; };
		1C0ECF8624794A9000D5A597 /* Theater+Parameter.swift */ = {isa = PBXFileReference; lastKnownFileType = sourcecode.swift; path = "Theater+Parameter.swift"; sourceTree = "<group>"; };
		1C0FC570246C3FE6002E0EA4 /* BaseDestination+ConsoleDestination.swift */ = {isa = PBXFileReference; lastKnownFileType = sourcecode.swift; path = "BaseDestination+ConsoleDestination.swift"; sourceTree = "<group>"; };
		1C0FC572246C44EA002E0EA4 /* BaseDestination+FileDestination.swift */ = {isa = PBXFileReference; lastKnownFileType = sourcecode.swift; path = "BaseDestination+FileDestination.swift"; sourceTree = "<group>"; };
		1C0FC574246C4504002E0EA4 /* SwiftyBeaver+Configure.swift */ = {isa = PBXFileReference; fileEncoding = 4; lastKnownFileType = sourcecode.swift; path = "SwiftyBeaver+Configure.swift"; sourceTree = "<group>"; };
		1C0FC576246C457D002E0EA4 /* BaseDestination+DefaultConfig.swift */ = {isa = PBXFileReference; lastKnownFileType = sourcecode.swift; path = "BaseDestination+DefaultConfig.swift"; sourceTree = "<group>"; };
		1C0FC578246C483B002E0EA4 /* BaseDestination+SBPlatformDestination.swift */ = {isa = PBXFileReference; lastKnownFileType = sourcecode.swift; path = "BaseDestination+SBPlatformDestination.swift"; sourceTree = "<group>"; };
		1C0FC57D246C8B17002E0EA4 /* BackyardOutput.swift */ = {isa = PBXFileReference; lastKnownFileType = sourcecode.swift; path = BackyardOutput.swift; sourceTree = "<group>"; };
		1C0FC57F246C8B25002E0EA4 /* OutputProcessor.swift */ = {isa = PBXFileReference; lastKnownFileType = sourcecode.swift; path = OutputProcessor.swift; sourceTree = "<group>"; };
		1C0FC582246C8C5E002E0EA4 /* User.swift */ = {isa = PBXFileReference; lastKnownFileType = sourcecode.swift; path = User.swift; sourceTree = "<group>"; };
		1C0FC585246D2C01002E0EA4 /* DataStorage.swift */ = {isa = PBXFileReference; lastKnownFileType = sourcecode.swift; path = DataStorage.swift; sourceTree = "<group>"; };
		1C0FC58A246D389A002E0EA4 /* MySQLDataStorage.swift */ = {isa = PBXFileReference; lastKnownFileType = sourcecode.swift; path = MySQLDataStorage.swift; sourceTree = "<group>"; };
		1C0FC596246DCD00002E0EA4 /* MailingService.swift */ = {isa = PBXFileReference; lastKnownFileType = sourcecode.swift; path = MailingService.swift; sourceTree = "<group>"; };
		1C0FC598246DCD74002E0EA4 /* SMTPMailingService.swift */ = {isa = PBXFileReference; lastKnownFileType = sourcecode.swift; path = SMTPMailingService.swift; sourceTree = "<group>"; };
		1C0FC59B246DD372002E0EA4 /* PasswordGenerator.swift */ = {isa = PBXFileReference; lastKnownFileType = sourcecode.swift; path = PasswordGenerator.swift; sourceTree = "<group>"; };
		1C0FC59D246E8B72002E0EA4 /* Token.swift */ = {isa = PBXFileReference; lastKnownFileType = sourcecode.swift; path = Token.swift; sourceTree = "<group>"; };
		1C1DB21524804B480019CA92 /* PasswordStrength.swift */ = {isa = PBXFileReference; fileEncoding = 4; lastKnownFileType = sourcecode.swift; path = PasswordStrength.swift; sourceTree = "<group>"; };
		1C1DB21724804B480019CA92 /* PasswordStrengts+Enough.swift */ = {isa = PBXFileReference; fileEncoding = 4; lastKnownFileType = sourcecode.swift; path = "PasswordStrengts+Enough.swift"; sourceTree = "<group>"; };
		1C577B27246FE2640047B87A /* BackyardVapor.swift */ = {isa = PBXFileReference; lastKnownFileType = sourcecode.swift; path = BackyardVapor.swift; sourceTree = "<group>"; };
		1C577B2B246FEA440047B87A /* SwiftyBeaverService.swift */ = {isa = PBXFileReference; lastKnownFileType = sourcecode.swift; path = SwiftyBeaverService.swift; sourceTree = "<group>"; };
		1C577B3124713A180047B87A /* UsersControllerV1.swift */ = {isa = PBXFileReference; lastKnownFileType = sourcecode.swift; path = UsersControllerV1.swift; sourceTree = "<group>"; };
		1C6727DB247A5918005E4BF7 /* Theater+Update.swift */ = {isa = PBXFileReference; lastKnownFileType = sourcecode.swift; path = "Theater+Update.swift"; sourceTree = "<group>"; };
		1C6727DD247A5DA3005E4BF7 /* Theater+Create.swift */ = {isa = PBXFileReference; lastKnownFileType = sourcecode.swift; path = "Theater+Create.swift"; sourceTree = "<group>"; };
		1C7B9559247BBA90009710B1 /* Theater+Picture.swift */ = {isa = PBXFileReference; lastKnownFileType = sourcecode.swift; path = "Theater+Picture.swift"; sourceTree = "<group>"; };
		1C7B955C247CFF1A009710B1 /* Auditorium.swift */ = {isa = PBXFileReference; lastKnownFileType = sourcecode.swift; path = Auditorium.swift; sourceTree = "<group>"; };
		1C7B955E247CFF2A009710B1 /* Auditorium+Content.swift */ = {isa = PBXFileReference; lastKnownFileType = sourcecode.swift; path = "Auditorium+Content.swift"; sourceTree = "<group>"; };
		1C7B9560247CFF33009710B1 /* Auditorium+Create.swift */ = {isa = PBXFileReference; lastKnownFileType = sourcecode.swift; path = "Auditorium+Create.swift"; sourceTree = "<group>"; };
		1C7B9562247CFF3E009710B1 /* Auditorium+Parameter.swift */ = {isa = PBXFileReference; lastKnownFileType = sourcecode.swift; path = "Auditorium+Parameter.swift"; sourceTree = "<group>"; };
		1C7B9564247CFF4A009710B1 /* Auditorium+Picture.swift */ = {isa = PBXFileReference; lastKnownFileType = sourcecode.swift; path = "Auditorium+Picture.swift"; sourceTree = "<group>"; };
		1C7B9566247CFF55009710B1 /* Auditorium+Update.swift */ = {isa = PBXFileReference; lastKnownFileType = sourcecode.swift; path = "Auditorium+Update.swift"; sourceTree = "<group>"; };
		1C7B956A247D106F009710B1 /* CommonCRUDController.swift */ = {isa = PBXFileReference; lastKnownFileType = sourcecode.swift; path = CommonCRUDController.swift; sourceTree = "<group>"; };
		1C7D0BFA246B4E0B00139D45 /* Backyard.swift */ = {isa = PBXFileReference; lastKnownFileType = sourcecode.swift; path = Backyard.swift; sourceTree = "<group>"; };
		1C7F66DE2465AB5300781406 /* backyard */ = {isa = PBXFileReference; explicitFileType = "compiled.mach-o.executable"; includeInIndex = 0; path = backyard; sourceTree = BUILT_PRODUCTS_DIR; };
		1C7F66E12465AB5300781406 /* main.swift */ = {isa = PBXFileReference; lastKnownFileType = sourcecode.swift; path = main.swift; sourceTree = "<group>"; };
		1C7F66EC2465AC9300781406 /* backyardTests.xctest */ = {isa = PBXFileReference; explicitFileType = wrapper.cfbundle; includeInIndex = 0; path = backyardTests.xctest; sourceTree = BUILT_PRODUCTS_DIR; };
		1C7F66F02465AC9300781406 /* Info.plist */ = {isa = PBXFileReference; lastKnownFileType = text.plist.xml; path = Info.plist; sourceTree = "<group>"; };
		1C7F670F2466A39A00781406 /* backyard.entitlements */ = {isa = PBXFileReference; lastKnownFileType = text.plist.entitlements; path = backyard.entitlements; sourceTree = "<group>"; };
		1C8020352468020D004031A1 /* CommandsProcessor.swift */ = {isa = PBXFileReference; lastKnownFileType = sourcecode.swift; path = CommandsProcessor.swift; sourceTree = "<group>"; };
		1C80203724680777004031A1 /* ApplicationTests.swift */ = {isa = PBXFileReference; lastKnownFileType = sourcecode.swift; path = ApplicationTests.swift; sourceTree = "<group>"; };
		1C8315CD2471608B004B9D0C /* User+TokenAuthenticatable.swift */ = {isa = PBXFileReference; lastKnownFileType = sourcecode.swift; path = "User+TokenAuthenticatable.swift"; sourceTree = "<group>"; };
		1C8315CF24716093004B9D0C /* User+Public.swift */ = {isa = PBXFileReference; lastKnownFileType = sourcecode.swift; path = "User+Public.swift"; sourceTree = "<group>"; };
		1C8315D124716521004B9D0C /* User+Content.swift */ = {isa = PBXFileReference; lastKnownFileType = sourcecode.swift; path = "User+Content.swift"; sourceTree = "<group>"; };
		1C8315D62471689D004B9D0C /* Token+BearerAuthenticatable.swift */ = {isa = PBXFileReference; lastKnownFileType = sourcecode.swift; path = "Token+BearerAuthenticatable.swift"; sourceTree = "<group>"; };
		1C8315D8247168B0004B9D0C /* Token+AuthenticationToken.swift */ = {isa = PBXFileReference; lastKnownFileType = sourcecode.swift; path = "Token+AuthenticationToken.swift"; sourceTree = "<group>"; };
		1C8315DA24716991004B9D0C /* Token+Generation.swift */ = {isa = PBXFileReference; lastKnownFileType = sourcecode.swift; path = "Token+Generation.swift"; sourceTree = "<group>"; };
		1C8315DC24716B28004B9D0C /* User+BasicAuthenticatable.swift */ = {isa = PBXFileReference; lastKnownFileType = sourcecode.swift; path = "User+BasicAuthenticatable.swift"; sourceTree = "<group>"; };
		1C8315DE24716CE0004B9D0C /* Token+Content.swift */ = {isa = PBXFileReference; lastKnownFileType = sourcecode.swift; path = "Token+Content.swift"; sourceTree = "<group>"; };
		1C8315E024717648004B9D0C /* User+PasswordAuthenticatable.swift */ = {isa = PBXFileReference; lastKnownFileType = sourcecode.swift; path = "User+PasswordAuthenticatable.swift"; sourceTree = "<group>"; };
		1CCAF1752466C2E500CEF646 /* CommandLineApp.swift */ = {isa = PBXFileReference; lastKnownFileType = sourcecode.swift; path = CommandLineApp.swift; sourceTree = "<group>"; };
		1D5A1C393E6A2B3FDCBA0B94 /* libPods-backyardTests.a */ = {isa = PBXFileReference; explicitFileType = archive.ar; includeInIndex = 0; path = "libPods-backyardTests.a"; sourceTree = BUILT_PRODUCTS_DIR; };
		9432C17CA99213945AC015B6 /* Pods-backyardTests.release.xcconfig */ = {isa = PBXFileReference; includeInIndex = 1; lastKnownFileType = text.xcconfig; name = "Pods-backyardTests.release.xcconfig"; path = "Target Support Files/Pods-backyardTests/Pods-backyardTests.release.xcconfig"; sourceTree = "<group>"; };
		9C1CFA922EAC3B51ACCD7BA9 /* Pods-backyardTests.debug.xcconfig */ = {isa = PBXFileReference; includeInIndex = 1; lastKnownFileType = text.xcconfig; name = "Pods-backyardTests.debug.xcconfig"; path = "Target Support Files/Pods-backyardTests/Pods-backyardTests.debug.xcconfig"; sourceTree = "<group>"; };
/* End PBXFileReference section */

/* Begin PBXFrameworksBuildPhase section */
		1C7F66DB2465AB5300781406 /* Frameworks */ = {
			isa = PBXFrameworksBuildPhase;
			buildActionMask = 2147483647;
			files = (
				1C7F66FF2466A29200781406 /* CrudRouter in Frameworks */,
				1C0FC594246DCC5E002E0EA4 /* SwiftSMTP in Frameworks */,
				1C7F670E2466A36C00781406 /* ArgumentParser in Frameworks */,
				1C7F67022466A2B100781406 /* SwiftyBeaver in Frameworks */,
				1C1D19422490A21200EEC254 /* NetUtils in Frameworks */,
				1C802052246993B0004031A1 /* MySQL in Frameworks */,
				1C7F66F62466A1FC00781406 /* Vapor in Frameworks */,
				1C8020342467F1CB004031A1 /* Rainbow in Frameworks */,
				1C7F66F92466A22400781406 /* FluentMySQL in Frameworks */,
				1C0FC591246DCC18002E0EA4 /* LoggerAPI in Frameworks */,
				1C577B2F24700ED40047B87A /* Authentication in Frameworks */,
			);
			runOnlyForDeploymentPostprocessing = 0;
		};
		1C7F66E92465AC9300781406 /* Frameworks */ = {
			isa = PBXFrameworksBuildPhase;
			buildActionMask = 2147483647;
			files = (
				1C80203C24680A28004031A1 /* FluentMySQL in Frameworks */,
				1C80204824680A28004031A1 /* ArgumentParser in Frameworks */,
				C46E562210D6D593D87373A4 /* libPods-backyardTests.a in Frameworks */,
				1C80204A24680A28004031A1 /* Rainbow in Frameworks */,
				1C80204024680A28004031A1 /* CrudRouter in Frameworks */,
				1C80203A24680A28004031A1 /* Vapor in Frameworks */,
				1C80204224680A28004031A1 /* SwiftyBeaver in Frameworks */,
			);
			runOnlyForDeploymentPostprocessing = 0;
		};
/* End PBXFrameworksBuildPhase section */

/* Begin PBXGroup section */
		1C0ECF7F2479487300D5A597 /* Theater */ = {
			isa = PBXGroup;
			children = (
				1C0ECF802479488300D5A597 /* Theater.swift */,
				1C0ECF822479491100D5A597 /* Theater+Content.swift */,
				1C6727DD247A5DA3005E4BF7 /* Theater+Create.swift */,
				1C0ECF8624794A9000D5A597 /* Theater+Parameter.swift */,
				1C7B9559247BBA90009710B1 /* Theater+Picture.swift */,
				1C6727DB247A5918005E4BF7 /* Theater+Update.swift */,
			);
			path = Theater;
			sourceTree = "<group>";
		};
		1C0FC56F246C3FCA002E0EA4 /* Logging */ = {
			isa = PBXGroup;
			children = (
				1C0FC570246C3FE6002E0EA4 /* BaseDestination+ConsoleDestination.swift */,
				1C0FC576246C457D002E0EA4 /* BaseDestination+DefaultConfig.swift */,
				1C0FC572246C44EA002E0EA4 /* BaseDestination+FileDestination.swift */,
				1C0FC578246C483B002E0EA4 /* BaseDestination+SBPlatformDestination.swift */,
				1C0FC574246C4504002E0EA4 /* SwiftyBeaver+Configure.swift */,
				1C577B2B246FEA440047B87A /* SwiftyBeaverService.swift */,
			);
			path = Logging;
			sourceTree = "<group>";
		};
		1C0FC57C246C8AE4002E0EA4 /* Output */ = {
			isa = PBXGroup;
			children = (
				1C0FC57D246C8B17002E0EA4 /* BackyardOutput.swift */,
				1C0FC57F246C8B25002E0EA4 /* OutputProcessor.swift */,
			);
			path = Output;
			sourceTree = "<group>";
		};
		1C0FC581246C8C4A002E0EA4 /* Model */ = {
			isa = PBXGroup;
			children = (
				1C7B955B247CFF0A009710B1 /* Auditorium */,
				1C0ECF7F2479487300D5A597 /* Theater */,
				1C8315D52471685F004B9D0C /* Token */,
				1C8315CC24716047004B9D0C /* User */,
			);
			path = Model;
			sourceTree = "<group>";
		};
		1C0FC584246D2BF0002E0EA4 /* Storage */ = {
			isa = PBXGroup;
			children = (
				1C0FC585246D2C01002E0EA4 /* DataStorage.swift */,
				1C0FC58A246D389A002E0EA4 /* MySQLDataStorage.swift */,
			);
			path = Storage;
			sourceTree = "<group>";
		};
		1C0FC595246DCC68002E0EA4 /* Mailing */ = {
			isa = PBXGroup;
			children = (
				1C0FC596246DCD00002E0EA4 /* MailingService.swift */,
				1C0FC598246DCD74002E0EA4 /* SMTPMailingService.swift */,
			);
			path = Mailing;
			sourceTree = "<group>";
		};
		1C0FC59A246DD34C002E0EA4 /* Common */ = {
			isa = PBXGroup;
			children = (
				1C0FC59B246DD372002E0EA4 /* PasswordGenerator.swift */,
			);
			path = Common;
			sourceTree = "<group>";
		};
		1C1DB21324804B480019CA92 /* Common */ = {
			isa = PBXGroup;
			children = (
				1C1DB21424804B480019CA92 /* Enums */,
				1C1DB21624804B480019CA92 /* Extensions */,
				1C1DB21824804B480019CA92 /* Model */,
			);
			name = Common;
			path = ../Common;
			sourceTree = "<group>";
		};
		1C1DB21424804B480019CA92 /* Enums */ = {
			isa = PBXGroup;
			children = (
				1C1DB21524804B480019CA92 /* PasswordStrength.swift */,
			);
			path = Enums;
			sourceTree = "<group>";
		};
		1C1DB21624804B480019CA92 /* Extensions */ = {
			isa = PBXGroup;
			children = (
				1C1DB21724804B480019CA92 /* PasswordStrengts+Enough.swift */,
			);
			path = Extensions;
			sourceTree = "<group>";
		};
		1C1DB21824804B480019CA92 /* Model */ = {
			isa = PBXGroup;
			children = (
				1C09D14B2491375E00319BEC /* PublicToken.swift */,
				1C09D14A2491375E00319BEC /* PublicUser.swift */,
			);
			path = Model;
			sourceTree = "<group>";
		};
		1C577B26246FE21C0047B87A /* Vapor */ = {
			isa = PBXGroup;
			children = (
				1C577B30247138EE0047B87A /* Controllers */,
				1C577B27246FE2640047B87A /* BackyardVapor.swift */,
			);
			path = Vapor;
			sourceTree = "<group>";
		};
		1C577B30247138EE0047B87A /* Controllers */ = {
			isa = PBXGroup;
			children = (
				1C7B956A247D106F009710B1 /* CommonCRUDController.swift */,
				1C577B3124713A180047B87A /* UsersControllerV1.swift */,
			);
			path = Controllers;
			sourceTree = "<group>";
		};
		1C7B955B247CFF0A009710B1 /* Auditorium */ = {
			isa = PBXGroup;
			children = (
				1C7B955C247CFF1A009710B1 /* Auditorium.swift */,
				1C7B955E247CFF2A009710B1 /* Auditorium+Content.swift */,
				1C7B9560247CFF33009710B1 /* Auditorium+Create.swift */,
				1C7B9562247CFF3E009710B1 /* Auditorium+Parameter.swift */,
				1C7B9564247CFF4A009710B1 /* Auditorium+Picture.swift */,
				1C7B9566247CFF55009710B1 /* Auditorium+Update.swift */,
			);
			path = Auditorium;
			sourceTree = "<group>";
		};
		1C7D0BF9246B4DAB00139D45 /* Facade */ = {
			isa = PBXGroup;
			children = (
				1C7D0BFA246B4E0B00139D45 /* Backyard.swift */,
			);
			path = Facade;
			sourceTree = "<group>";
		};
		1C7F66D52465AB5300781406 = {
			isa = PBXGroup;
			children = (
				1C1DB21324804B480019CA92 /* Common */,
				1C7F66E02465AB5300781406 /* backyard */,
				1C7F66ED2465AC9300781406 /* backyardTests */,
				1C7F66DF2465AB5300781406 /* Products */,
				D3C28A0F5A7DC752B0DF9F50 /* Pods */,
				FCE2F8602818F85CC55CBF19 /* Frameworks */,
			);
			sourceTree = "<group>";
		};
		1C7F66DF2465AB5300781406 /* Products */ = {
			isa = PBXGroup;
			children = (
				1C7F66DE2465AB5300781406 /* backyard */,
				1C7F66EC2465AC9300781406 /* backyardTests.xctest */,
			);
			name = Products;
			sourceTree = "<group>";
		};
		1C7F66E02465AB5300781406 /* backyard */ = {
			isa = PBXGroup;
			children = (
				1CCAF1732466C28B00CEF646 /* CommandLine */,
				1C0FC59A246DD34C002E0EA4 /* Common */,
				1C7D0BF9246B4DAB00139D45 /* Facade */,
				1C0FC56F246C3FCA002E0EA4 /* Logging */,
				1C0FC595246DCC68002E0EA4 /* Mailing */,
				1C0FC581246C8C4A002E0EA4 /* Model */,
				1C0FC57C246C8AE4002E0EA4 /* Output */,
				1C0FC584246D2BF0002E0EA4 /* Storage */,
				1C577B26246FE21C0047B87A /* Vapor */,
				1C7F66E12465AB5300781406 /* main.swift */,
				1C7F670F2466A39A00781406 /* backyard.entitlements */,
			);
			path = backyard;
			sourceTree = "<group>";
		};
		1C7F66ED2465AC9300781406 /* backyardTests */ = {
			isa = PBXGroup;
			children = (
				1C80203724680777004031A1 /* ApplicationTests.swift */,
				1C7F66F02465AC9300781406 /* Info.plist */,
			);
			path = backyardTests;
			sourceTree = "<group>";
		};
		1C8315CC24716047004B9D0C /* User */ = {
			isa = PBXGroup;
			children = (
				1C0FC582246C8C5E002E0EA4 /* User.swift */,
				1C0ECF7D2478036D00D5A597 /* User+Avatar.swift */,
				1C8315DC24716B28004B9D0C /* User+BasicAuthenticatable.swift */,
				1C8315D124716521004B9D0C /* User+Content.swift */,
				1C0ECF7B2477D1F200D5A597 /* User+Password.swift */,
				1C8315E024717648004B9D0C /* User+PasswordAuthenticatable.swift */,
				1C8315CF24716093004B9D0C /* User+Public.swift */,
				1C0ECF792477CA5100D5A597 /* User+Registration.swift */,
				1C8315CD2471608B004B9D0C /* User+TokenAuthenticatable.swift */,
				1C0ECF772477C8F400D5A597 /* User+Update.swift */,
			);
			path = User;
			sourceTree = "<group>";
		};
		1C8315D52471685F004B9D0C /* Token */ = {
			isa = PBXGroup;
			children = (
				1C0FC59D246E8B72002E0EA4 /* Token.swift */,
				1C8315D8247168B0004B9D0C /* Token+AuthenticationToken.swift */,
				1C8315D62471689D004B9D0C /* Token+BearerAuthenticatable.swift */,
				1C8315DE24716CE0004B9D0C /* Token+Content.swift */,
				1C8315DA24716991004B9D0C /* Token+Generation.swift */,
				1C0ECF752477B7E100D5A597 /* Token+Public.swift */,
			);
			path = Token;
			sourceTree = "<group>";
		};
		1CCAF1732466C28B00CEF646 /* CommandLine */ = {
			isa = PBXGroup;
			children = (
				1CCAF1752466C2E500CEF646 /* CommandLineApp.swift */,
				1C8020352468020D004031A1 /* CommandsProcessor.swift */,
			);
			path = CommandLine;
			sourceTree = "<group>";
		};
		D3C28A0F5A7DC752B0DF9F50 /* Pods */ = {
			isa = PBXGroup;
			children = (
				9C1CFA922EAC3B51ACCD7BA9 /* Pods-backyardTests.debug.xcconfig */,
				9432C17CA99213945AC015B6 /* Pods-backyardTests.release.xcconfig */,
			);
			name = Pods;
			path = ../Pods;
			sourceTree = "<group>";
		};
		FCE2F8602818F85CC55CBF19 /* Frameworks */ = {
			isa = PBXGroup;
			children = (
				1D5A1C393E6A2B3FDCBA0B94 /* libPods-backyardTests.a */,
			);
			name = Frameworks;
			sourceTree = "<group>";
		};
/* End PBXGroup section */

/* Begin PBXNativeTarget section */
		1C7F66DD2465AB5300781406 /* backyard */ = {
			isa = PBXNativeTarget;
			buildConfigurationList = 1C7F66E52465AB5300781406 /* Build configuration list for PBXNativeTarget "backyard" */;
			buildPhases = (
				1C7F66DA2465AB5300781406 /* Sources */,
				1C7F66DB2465AB5300781406 /* Frameworks */,
				1C7F66DC2465AB5300781406 /* CopyFiles */,
				1C80204E24695F41004031A1 /* SwiftLint */,
			);
			buildRules = (
			);
			dependencies = (
			);
			name = backyard;
			packageProductDependencies = (
				1C7F66F52466A1FC00781406 /* Vapor */,
				1C7F66F82466A22400781406 /* FluentMySQL */,
				1C7F66FE2466A29200781406 /* CrudRouter */,
				1C7F67012466A2B100781406 /* SwiftyBeaver */,
				1C7F670D2466A36C00781406 /* ArgumentParser */,
				1C8020332467F1CB004031A1 /* Rainbow */,
				1C802051246993B0004031A1 /* MySQL */,
				1C0FC590246DCC18002E0EA4 /* LoggerAPI */,
				1C0FC593246DCC5E002E0EA4 /* SwiftSMTP */,
				1C577B2E24700ED40047B87A /* Authentication */,
				1C1D19412490A21200EEC254 /* NetUtils */,
			);
			productName = backyard;
			productReference = 1C7F66DE2465AB5300781406 /* backyard */;
			productType = "com.apple.product-type.tool";
		};
		1C7F66EB2465AC9300781406 /* backyardTests */ = {
			isa = PBXNativeTarget;
			buildConfigurationList = 1C7F66F12465AC9300781406 /* Build configuration list for PBXNativeTarget "backyardTests" */;
			buildPhases = (
				282A4CA3C16C7CD5AB9C3A5C /* [CP] Check Pods Manifest.lock */,
				1C7F66E82465AC9300781406 /* Sources */,
				1C7F66E92465AC9300781406 /* Frameworks */,
				1C7F66EA2465AC9300781406 /* Resources */,
			);
			buildRules = (
			);
			dependencies = (
			);
			name = backyardTests;
			packageProductDependencies = (
				1C80203924680A28004031A1 /* Vapor */,
				1C80203B24680A28004031A1 /* FluentMySQL */,
				1C80203F24680A28004031A1 /* CrudRouter */,
				1C80204124680A28004031A1 /* SwiftyBeaver */,
				1C80204724680A28004031A1 /* ArgumentParser */,
				1C80204924680A28004031A1 /* Rainbow */,
			);
			productName = backyardTests;
			productReference = 1C7F66EC2465AC9300781406 /* backyardTests.xctest */;
			productType = "com.apple.product-type.bundle.unit-test";
		};
/* End PBXNativeTarget section */

/* Begin PBXProject section */
		1C7F66D62465AB5300781406 /* Project object */ = {
			isa = PBXProject;
			attributes = {
				LastSwiftUpdateCheck = 1150;
				LastUpgradeCheck = 1140;
				ORGANIZATIONNAME = "Nik Burnt Inc.";
				TargetAttributes = {
					1C7F66DD2465AB5300781406 = {
						CreatedOnToolsVersion = 11.4.1;
					};
					1C7F66EB2465AC9300781406 = {
						CreatedOnToolsVersion = 11.4.1;
					};
				};
			};
			buildConfigurationList = 1C7F66D92465AB5300781406 /* Build configuration list for PBXProject "backyard" */;
			compatibilityVersion = "Xcode 9.3";
			developmentRegion = en;
			hasScannedForEncodings = 0;
			knownRegions = (
				en,
				Base,
			);
			mainGroup = 1C7F66D52465AB5300781406;
			packageReferences = (
				1C7F66F42466A1FB00781406 /* XCRemoteSwiftPackageReference "vapor" */,
				1C7F66F72466A22400781406 /* XCRemoteSwiftPackageReference "fluent-mysql-driver" */,
				1C7F66FD2466A29200781406 /* XCRemoteSwiftPackageReference "VaporCRUDRouter" */,
				1C7F67002466A2B100781406 /* XCRemoteSwiftPackageReference "SwiftyBeaver" */,
				1C7F670C2466A36C00781406 /* XCRemoteSwiftPackageReference "swift-argument-parser" */,
				1C8020322467F1CA004031A1 /* XCRemoteSwiftPackageReference "Rainbow" */,
				1C802050246993B0004031A1 /* XCRemoteSwiftPackageReference "mysql" */,
				1C0FC58F246DCC18002E0EA4 /* XCRemoteSwiftPackageReference "LoggerAPI" */,
				1C0FC592246DCC5E002E0EA4 /* XCRemoteSwiftPackageReference "Swift-SMTP" */,
				1C577B2D24700ED40047B87A /* XCRemoteSwiftPackageReference "auth" */,
				1C1D19402490A21200EEC254 /* XCRemoteSwiftPackageReference "swift-netutils" */,
			);
			productRefGroup = 1C7F66DF2465AB5300781406 /* Products */;
			projectDirPath = "";
			projectRoot = "";
			targets = (
				1C7F66DD2465AB5300781406 /* backyard */,
				1C7F66EB2465AC9300781406 /* backyardTests */,
			);
		};
/* End PBXProject section */

/* Begin PBXResourcesBuildPhase section */
		1C7F66EA2465AC9300781406 /* Resources */ = {
			isa = PBXResourcesBuildPhase;
			buildActionMask = 2147483647;
			files = (
			);
			runOnlyForDeploymentPostprocessing = 0;
		};
/* End PBXResourcesBuildPhase section */

/* Begin PBXShellScriptBuildPhase section */
		1C80204E24695F41004031A1 /* SwiftLint */ = {
			isa = PBXShellScriptBuildPhase;
			buildActionMask = 2147483647;
			files = (
			);
			inputFileListPaths = (
			);
			inputPaths = (
			);
			name = SwiftLint;
			outputFileListPaths = (
			);
			outputPaths = (
			);
			runOnlyForDeploymentPostprocessing = 0;
			shellPath = /bin/sh;
			shellScript = "if which swiftlint >/dev/null; then\n  swiftlint\nelse\n  echo \"warning: SwiftLint not installed, download from https://github.com/realm/SwiftLint\"\nfi\n";
		};
		282A4CA3C16C7CD5AB9C3A5C /* [CP] Check Pods Manifest.lock */ = {
			isa = PBXShellScriptBuildPhase;
			buildActionMask = 2147483647;
			files = (
			);
			inputFileListPaths = (
			);
			inputPaths = (
				"${PODS_PODFILE_DIR_PATH}/Podfile.lock",
				"${PODS_ROOT}/Manifest.lock",
			);
			name = "[CP] Check Pods Manifest.lock";
			outputFileListPaths = (
			);
			outputPaths = (
				"$(DERIVED_FILE_DIR)/Pods-backyardTests-checkManifestLockResult.txt",
			);
			runOnlyForDeploymentPostprocessing = 0;
			shellPath = /bin/sh;
			shellScript = "diff \"${PODS_PODFILE_DIR_PATH}/Podfile.lock\" \"${PODS_ROOT}/Manifest.lock\" > /dev/null\nif [ $? != 0 ] ; then\n    # print error to STDERR\n    echo \"error: The sandbox is not in sync with the Podfile.lock. Run 'pod install' or update your CocoaPods installation.\" >&2\n    exit 1\nfi\n# This output is used by Xcode 'outputs' to avoid re-running this script phase.\necho \"SUCCESS\" > \"${SCRIPT_OUTPUT_FILE_0}\"\n";
			showEnvVarsInLog = 0;
		};
/* End PBXShellScriptBuildPhase section */

/* Begin PBXSourcesBuildPhase section */
		1C7F66DA2465AB5300781406 /* Sources */ = {
			isa = PBXSourcesBuildPhase;
			buildActionMask = 2147483647;
			files = (
				1C09D14D2491375E00319BEC /* PublicToken.swift in Sources */,
				1C0FC58B246D389A002E0EA4 /* MySQLDataStorage.swift in Sources */,
				1C7B955D247CFF1A009710B1 /* Auditorium.swift in Sources */,
				1C8315CE2471608B004B9D0C /* User+TokenAuthenticatable.swift in Sources */,
				1C7B9563247CFF3E009710B1 /* Auditorium+Parameter.swift in Sources */,
				1C1DB21A24804B480019CA92 /* PasswordStrengts+Enough.swift in Sources */,
				1C0FC59C246DD372002E0EA4 /* PasswordGenerator.swift in Sources */,
				1C0ECF832479491100D5A597 /* Theater+Content.swift in Sources */,
				1C7B9561247CFF33009710B1 /* Auditorium+Create.swift in Sources */,
				1C7F66E22465AB5300781406 /* main.swift in Sources */,
				1C7B9567247CFF55009710B1 /* Auditorium+Update.swift in Sources */,
				1C09D14C2491375E00319BEC /* PublicUser.swift in Sources */,
				1C0FC597246DCD00002E0EA4 /* MailingService.swift in Sources */,
				1C0ECF8724794A9000D5A597 /* Theater+Parameter.swift in Sources */,
				1C7B955A247BBA90009710B1 /* Theater+Picture.swift in Sources */,
				1C1DB21924804B480019CA92 /* PasswordStrength.swift in Sources */,
				1C0FC577246C457D002E0EA4 /* BaseDestination+DefaultConfig.swift in Sources */,
				1C0FC579246C483B002E0EA4 /* BaseDestination+SBPlatformDestination.swift in Sources */,
				1C7D0BFB246B4E0B00139D45 /* Backyard.swift in Sources */,
				1C8315E124717648004B9D0C /* User+PasswordAuthenticatable.swift in Sources */,
				1C8315DB24716991004B9D0C /* Token+Generation.swift in Sources */,
				1C8315D72471689D004B9D0C /* Token+BearerAuthenticatable.swift in Sources */,
				1C0ECF7C2477D1F200D5A597 /* User+Password.swift in Sources */,
				1C0ECF7A2477CA5100D5A597 /* User+Registration.swift in Sources */,
				1C8315D224716521004B9D0C /* User+Content.swift in Sources */,
				1C577B2C246FEA440047B87A /* SwiftyBeaverService.swift in Sources */,
				1C0ECF812479488300D5A597 /* Theater.swift in Sources */,
				1C0FC580246C8B25002E0EA4 /* OutputProcessor.swift in Sources */,
				1C0ECF782477C8F400D5A597 /* User+Update.swift in Sources */,
				1C0ECF762477B7E200D5A597 /* Token+Public.swift in Sources */,
				1C0FC573246C44EA002E0EA4 /* BaseDestination+FileDestination.swift in Sources */,
				1C0FC59E246E8B72002E0EA4 /* Token.swift in Sources */,
				1C8315D9247168B0004B9D0C /* Token+AuthenticationToken.swift in Sources */,
				1C0FC57E246C8B17002E0EA4 /* BackyardOutput.swift in Sources */,
				1C6727DE247A5DA3005E4BF7 /* Theater+Create.swift in Sources */,
				1C8315DD24716B28004B9D0C /* User+BasicAuthenticatable.swift in Sources */,
				1C577B3224713A180047B87A /* UsersControllerV1.swift in Sources */,
				1C6727DC247A5918005E4BF7 /* Theater+Update.swift in Sources */,
				1C0FC599246DCD74002E0EA4 /* SMTPMailingService.swift in Sources */,
				1CCAF1762466C2E500CEF646 /* CommandLineApp.swift in Sources */,
				1C0FC583246C8C5E002E0EA4 /* User.swift in Sources */,
				1C8315DF24716CE0004B9D0C /* Token+Content.swift in Sources */,
				1C7B955F247CFF2A009710B1 /* Auditorium+Content.swift in Sources */,
				1C0FC586246D2C01002E0EA4 /* DataStorage.swift in Sources */,
				1C8315D024716093004B9D0C /* User+Public.swift in Sources */,
				1C0ECF7E2478036D00D5A597 /* User+Avatar.swift in Sources */,
				1C0FC575246C4504002E0EA4 /* SwiftyBeaver+Configure.swift in Sources */,
				1C0FC571246C3FE6002E0EA4 /* BaseDestination+ConsoleDestination.swift in Sources */,
				1C8020362468020D004031A1 /* CommandsProcessor.swift in Sources */,
				1C7B956B247D106F009710B1 /* CommonCRUDController.swift in Sources */,
				1C577B28246FE2640047B87A /* BackyardVapor.swift in Sources */,
				1C7B9565247CFF4A009710B1 /* Auditorium+Picture.swift in Sources */,
			);
			runOnlyForDeploymentPostprocessing = 0;
		};
		1C7F66E82465AC9300781406 /* Sources */ = {
			isa = PBXSourcesBuildPhase;
			buildActionMask = 2147483647;
			files = (
				1C80204C24680CEE004031A1 /* CommandLineApp.swift in Sources */,
				1C80204D24680CEE004031A1 /* CommandsProcessor.swift in Sources */,
				1C80203824680777004031A1 /* ApplicationTests.swift in Sources */,
			);
			runOnlyForDeploymentPostprocessing = 0;
		};
/* End PBXSourcesBuildPhase section */

/* Begin XCBuildConfiguration section */
		1C7F66E32465AB5300781406 /* Debug */ = {
			isa = XCBuildConfiguration;
			buildSettings = {
				ALWAYS_SEARCH_USER_PATHS = NO;
				CLANG_ANALYZER_NONNULL = YES;
				CLANG_ANALYZER_NUMBER_OBJECT_CONVERSION = YES_AGGRESSIVE;
				CLANG_CXX_LANGUAGE_STANDARD = "gnu++14";
				CLANG_CXX_LIBRARY = "libc++";
				CLANG_ENABLE_MODULES = YES;
				CLANG_ENABLE_OBJC_ARC = YES;
				CLANG_ENABLE_OBJC_WEAK = YES;
				CLANG_WARN_BLOCK_CAPTURE_AUTORELEASING = YES;
				CLANG_WARN_BOOL_CONVERSION = YES;
				CLANG_WARN_COMMA = YES;
				CLANG_WARN_CONSTANT_CONVERSION = YES;
				CLANG_WARN_DEPRECATED_OBJC_IMPLEMENTATIONS = YES;
				CLANG_WARN_DIRECT_OBJC_ISA_USAGE = YES_ERROR;
				CLANG_WARN_DOCUMENTATION_COMMENTS = YES;
				CLANG_WARN_EMPTY_BODY = YES;
				CLANG_WARN_ENUM_CONVERSION = YES;
				CLANG_WARN_INFINITE_RECURSION = YES;
				CLANG_WARN_INT_CONVERSION = YES;
				CLANG_WARN_NON_LITERAL_NULL_CONVERSION = YES;
				CLANG_WARN_OBJC_IMPLICIT_RETAIN_SELF = YES;
				CLANG_WARN_OBJC_LITERAL_CONVERSION = YES;
				CLANG_WARN_OBJC_ROOT_CLASS = YES_ERROR;
				CLANG_WARN_RANGE_LOOP_ANALYSIS = YES;
				CLANG_WARN_STRICT_PROTOTYPES = YES;
				CLANG_WARN_SUSPICIOUS_MOVE = YES;
				CLANG_WARN_UNGUARDED_AVAILABILITY = YES_AGGRESSIVE;
				CLANG_WARN_UNREACHABLE_CODE = YES;
				CLANG_WARN__DUPLICATE_METHOD_MATCH = YES;
				COPY_PHASE_STRIP = NO;
				DEBUG_INFORMATION_FORMAT = dwarf;
				ENABLE_STRICT_OBJC_MSGSEND = YES;
				ENABLE_TESTABILITY = YES;
				GCC_C_LANGUAGE_STANDARD = gnu11;
				GCC_DYNAMIC_NO_PIC = NO;
				GCC_NO_COMMON_BLOCKS = YES;
				GCC_OPTIMIZATION_LEVEL = 0;
				GCC_PREPROCESSOR_DEFINITIONS = (
					"DEBUG=1",
					"$(inherited)",
				);
				GCC_WARN_64_TO_32_BIT_CONVERSION = YES;
				GCC_WARN_ABOUT_RETURN_TYPE = YES_ERROR;
				GCC_WARN_UNDECLARED_SELECTOR = YES;
				GCC_WARN_UNINITIALIZED_AUTOS = YES_AGGRESSIVE;
				GCC_WARN_UNUSED_FUNCTION = YES;
				GCC_WARN_UNUSED_VARIABLE = YES;
				MACOSX_DEPLOYMENT_TARGET = 10.15;
				MTL_ENABLE_DEBUG_INFO = INCLUDE_SOURCE;
				MTL_FAST_MATH = YES;
				ONLY_ACTIVE_ARCH = YES;
				SDKROOT = macosx;
				SWIFT_ACTIVE_COMPILATION_CONDITIONS = DEBUG;
				SWIFT_OPTIMIZATION_LEVEL = "-Onone";
			};
			name = Debug;
		};
		1C7F66E42465AB5300781406 /* Release */ = {
			isa = XCBuildConfiguration;
			buildSettings = {
				ALWAYS_SEARCH_USER_PATHS = NO;
				CLANG_ANALYZER_NONNULL = YES;
				CLANG_ANALYZER_NUMBER_OBJECT_CONVERSION = YES_AGGRESSIVE;
				CLANG_CXX_LANGUAGE_STANDARD = "gnu++14";
				CLANG_CXX_LIBRARY = "libc++";
				CLANG_ENABLE_MODULES = YES;
				CLANG_ENABLE_OBJC_ARC = YES;
				CLANG_ENABLE_OBJC_WEAK = YES;
				CLANG_WARN_BLOCK_CAPTURE_AUTORELEASING = YES;
				CLANG_WARN_BOOL_CONVERSION = YES;
				CLANG_WARN_COMMA = YES;
				CLANG_WARN_CONSTANT_CONVERSION = YES;
				CLANG_WARN_DEPRECATED_OBJC_IMPLEMENTATIONS = YES;
				CLANG_WARN_DIRECT_OBJC_ISA_USAGE = YES_ERROR;
				CLANG_WARN_DOCUMENTATION_COMMENTS = YES;
				CLANG_WARN_EMPTY_BODY = YES;
				CLANG_WARN_ENUM_CONVERSION = YES;
				CLANG_WARN_INFINITE_RECURSION = YES;
				CLANG_WARN_INT_CONVERSION = YES;
				CLANG_WARN_NON_LITERAL_NULL_CONVERSION = YES;
				CLANG_WARN_OBJC_IMPLICIT_RETAIN_SELF = YES;
				CLANG_WARN_OBJC_LITERAL_CONVERSION = YES;
				CLANG_WARN_OBJC_ROOT_CLASS = YES_ERROR;
				CLANG_WARN_RANGE_LOOP_ANALYSIS = YES;
				CLANG_WARN_STRICT_PROTOTYPES = YES;
				CLANG_WARN_SUSPICIOUS_MOVE = YES;
				CLANG_WARN_UNGUARDED_AVAILABILITY = YES_AGGRESSIVE;
				CLANG_WARN_UNREACHABLE_CODE = YES;
				CLANG_WARN__DUPLICATE_METHOD_MATCH = YES;
				COPY_PHASE_STRIP = NO;
				DEBUG_INFORMATION_FORMAT = "dwarf-with-dsym";
				ENABLE_NS_ASSERTIONS = NO;
				ENABLE_STRICT_OBJC_MSGSEND = YES;
				GCC_C_LANGUAGE_STANDARD = gnu11;
				GCC_NO_COMMON_BLOCKS = YES;
				GCC_WARN_64_TO_32_BIT_CONVERSION = YES;
				GCC_WARN_ABOUT_RETURN_TYPE = YES_ERROR;
				GCC_WARN_UNDECLARED_SELECTOR = YES;
				GCC_WARN_UNINITIALIZED_AUTOS = YES_AGGRESSIVE;
				GCC_WARN_UNUSED_FUNCTION = YES;
				GCC_WARN_UNUSED_VARIABLE = YES;
				MACOSX_DEPLOYMENT_TARGET = 10.15;
				MTL_ENABLE_DEBUG_INFO = NO;
				MTL_FAST_MATH = YES;
				SDKROOT = macosx;
				SWIFT_COMPILATION_MODE = wholemodule;
				SWIFT_OPTIMIZATION_LEVEL = "-O";
			};
			name = Release;
		};
		1C7F66E62465AB5300781406 /* Debug */ = {
			isa = XCBuildConfiguration;
			buildSettings = {
				CODE_SIGN_ENTITLEMENTS = backyard/backyard.entitlements;
				CODE_SIGN_IDENTITY = "-";
				CODE_SIGN_STYLE = Automatic;
				DEVELOPMENT_TEAM = DU5W4Y3YA6;
				ENABLE_HARDENED_RUNTIME = YES;
				PRODUCT_NAME = "$(TARGET_NAME)";
				SWIFT_VERSION = 5.0;
			};
			name = Debug;
		};
		1C7F66E72465AB5300781406 /* Release */ = {
			isa = XCBuildConfiguration;
			buildSettings = {
				CODE_SIGN_ENTITLEMENTS = backyard/backyard.entitlements;
				CODE_SIGN_IDENTITY = "-";
				CODE_SIGN_STYLE = Automatic;
				DEVELOPMENT_TEAM = DU5W4Y3YA6;
				ENABLE_HARDENED_RUNTIME = YES;
				PRODUCT_NAME = "$(TARGET_NAME)";
				SWIFT_VERSION = 5.0;
			};
			name = Release;
		};
		1C7F66F22465AC9300781406 /* Debug */ = {
			isa = XCBuildConfiguration;
			baseConfigurationReference = 9C1CFA922EAC3B51ACCD7BA9 /* Pods-backyardTests.debug.xcconfig */;
			buildSettings = {
				CODE_SIGN_STYLE = Automatic;
				COMBINE_HIDPI_IMAGES = YES;
				DEVELOPMENT_TEAM = DU5W4Y3YA6;
				INFOPLIST_FILE = backyardTests/Info.plist;
				LD_RUNPATH_SEARCH_PATHS = (
					"$(inherited)",
					"@executable_path/../Frameworks",
					"@loader_path/../Frameworks",
				);
				PRODUCT_BUNDLE_IDENTIFIER = com.nikburnt.bntu.cinema.backyardTests;
				PRODUCT_NAME = "$(TARGET_NAME)";
				SWIFT_VERSION = 5.0;
			};
			name = Debug;
		};
		1C7F66F32465AC9300781406 /* Release */ = {
			isa = XCBuildConfiguration;
			baseConfigurationReference = 9432C17CA99213945AC015B6 /* Pods-backyardTests.release.xcconfig */;
			buildSettings = {
				CODE_SIGN_STYLE = Automatic;
				COMBINE_HIDPI_IMAGES = YES;
				DEVELOPMENT_TEAM = DU5W4Y3YA6;
				INFOPLIST_FILE = backyardTests/Info.plist;
				LD_RUNPATH_SEARCH_PATHS = (
					"$(inherited)",
					"@executable_path/../Frameworks",
					"@loader_path/../Frameworks",
				);
				PRODUCT_BUNDLE_IDENTIFIER = com.nikburnt.bntu.cinema.backyardTests;
				PRODUCT_NAME = "$(TARGET_NAME)";
				SWIFT_VERSION = 5.0;
			};
			name = Release;
		};
/* End XCBuildConfiguration section */

/* Begin XCConfigurationList section */
		1C7F66D92465AB5300781406 /* Build configuration list for PBXProject "backyard" */ = {
			isa = XCConfigurationList;
			buildConfigurations = (
				1C7F66E32465AB5300781406 /* Debug */,
				1C7F66E42465AB5300781406 /* Release */,
			);
			defaultConfigurationIsVisible = 0;
			defaultConfigurationName = Release;
		};
		1C7F66E52465AB5300781406 /* Build configuration list for PBXNativeTarget "backyard" */ = {
			isa = XCConfigurationList;
			buildConfigurations = (
				1C7F66E62465AB5300781406 /* Debug */,
				1C7F66E72465AB5300781406 /* Release */,
			);
			defaultConfigurationIsVisible = 0;
			defaultConfigurationName = Release;
		};
		1C7F66F12465AC9300781406 /* Build configuration list for PBXNativeTarget "backyardTests" */ = {
			isa = XCConfigurationList;
			buildConfigurations = (
				1C7F66F22465AC9300781406 /* Debug */,
				1C7F66F32465AC9300781406 /* Release */,
			);
			defaultConfigurationIsVisible = 0;
			defaultConfigurationName = Release;
		};
/* End XCConfigurationList section */

/* Begin XCRemoteSwiftPackageReference section */
		1C0FC58F246DCC18002E0EA4 /* XCRemoteSwiftPackageReference "LoggerAPI" */ = {
			isa = XCRemoteSwiftPackageReference;
			repositoryURL = "https://github.com/IBM-Swift/LoggerAPI.git";
			requirement = {
				kind = upToNextMinorVersion;
				minimumVersion = 1.8.0;
			};
		};
		1C0FC592246DCC5E002E0EA4 /* XCRemoteSwiftPackageReference "Swift-SMTP" */ = {
			isa = XCRemoteSwiftPackageReference;
			repositoryURL = "https://github.com/IBM-Swift/Swift-SMTP";
			requirement = {
				kind = upToNextMajorVersion;
				minimumVersion = 5.1.2;
			};
		};
		1C1D19402490A21200EEC254 /* XCRemoteSwiftPackageReference "swift-netutils" */ = {
			isa = XCRemoteSwiftPackageReference;
			repositoryURL = "https://github.com/svdo/swift-netutils";
			requirement = {
				kind = upToNextMajorVersion;
				minimumVersion = 4.1.0;
			};
		};
		1C577B2D24700ED40047B87A /* XCRemoteSwiftPackageReference "auth" */ = {
			isa = XCRemoteSwiftPackageReference;
			repositoryURL = "https://github.com/vapor/auth";
			requirement = {
				kind = upToNextMajorVersion;
				minimumVersion = 2.0.4;
			};
		};
		1C7F66F42466A1FB00781406 /* XCRemoteSwiftPackageReference "vapor" */ = {
			isa = XCRemoteSwiftPackageReference;
			repositoryURL = "https://github.com/vapor/vapor.git";
			requirement = {
				kind = upToNextMajorVersion;
				minimumVersion = 3.3.0;
			};
		};
		1C7F66F72466A22400781406 /* XCRemoteSwiftPackageReference "fluent-mysql-driver" */ = {
			isa = XCRemoteSwiftPackageReference;
			repositoryURL = "https://github.com/vapor/fluent-mysql-driver.git";
			requirement = {
				kind = upToNextMajorVersion;
				minimumVersion = 3.1.0;
			};
		};
		1C7F66FD2466A29200781406 /* XCRemoteSwiftPackageReference "VaporCRUDRouter" */ = {
			isa = XCRemoteSwiftPackageReference;
			repositoryURL = "https://github.com/twof/VaporCRUDRouter.git";
			requirement = {
				kind = upToNextMajorVersion;
				minimumVersion = 1.7.0;
			};
		};
		1C7F67002466A2B100781406 /* XCRemoteSwiftPackageReference "SwiftyBeaver" */ = {
			isa = XCRemoteSwiftPackageReference;
			repositoryURL = "https://github.com/SwiftyBeaver/SwiftyBeaver.git";
			requirement = {
				kind = upToNextMajorVersion;
				minimumVersion = 1.9.1;
			};
		};
		1C7F670C2466A36C00781406 /* XCRemoteSwiftPackageReference "swift-argument-parser" */ = {
			isa = XCRemoteSwiftPackageReference;
			repositoryURL = "https://github.com/apple/swift-argument-parser";
			requirement = {
				kind = upToNextMajorVersion;
				minimumVersion = 0.0.5;
			};
		};
		1C8020322467F1CA004031A1 /* XCRemoteSwiftPackageReference "Rainbow" */ = {
			isa = XCRemoteSwiftPackageReference;
			repositoryURL = "https://github.com/onevcat/Rainbow";
			requirement = {
				kind = upToNextMajorVersion;
				minimumVersion = 3.1.5;
			};
		};
		1C802050246993B0004031A1 /* XCRemoteSwiftPackageReference "mysql" */ = {
			isa = XCRemoteSwiftPackageReference;
			repositoryURL = "https://github.com/vapor/mysql.git";
			requirement = {
				kind = upToNextMajorVersion;
				minimumVersion = 3.0.0;
			};
		};
/* End XCRemoteSwiftPackageReference section */

/* Begin XCSwiftPackageProductDependency section */
		1C0FC590246DCC18002E0EA4 /* LoggerAPI */ = {
			isa = XCSwiftPackageProductDependency;
			package = 1C0FC58F246DCC18002E0EA4 /* XCRemoteSwiftPackageReference "LoggerAPI" */;
			productName = LoggerAPI;
		};
		1C0FC593246DCC5E002E0EA4 /* SwiftSMTP */ = {
			isa = XCSwiftPackageProductDependency;
			package = 1C0FC592246DCC5E002E0EA4 /* XCRemoteSwiftPackageReference "Swift-SMTP" */;
			productName = SwiftSMTP;
		};
		1C1D19412490A21200EEC254 /* NetUtils */ = {
			isa = XCSwiftPackageProductDependency;
			package = 1C1D19402490A21200EEC254 /* XCRemoteSwiftPackageReference "swift-netutils" */;
			productName = NetUtils;
		};
		1C577B2E24700ED40047B87A /* Authentication */ = {
			isa = XCSwiftPackageProductDependency;
			package = 1C577B2D24700ED40047B87A /* XCRemoteSwiftPackageReference "auth" */;
			productName = Authentication;
		};
		1C7F66F52466A1FC00781406 /* Vapor */ = {
			isa = XCSwiftPackageProductDependency;
			package = 1C7F66F42466A1FB00781406 /* XCRemoteSwiftPackageReference "vapor" */;
			productName = Vapor;
		};
		1C7F66F82466A22400781406 /* FluentMySQL */ = {
			isa = XCSwiftPackageProductDependency;
			package = 1C7F66F72466A22400781406 /* XCRemoteSwiftPackageReference "fluent-mysql-driver" */;
			productName = FluentMySQL;
		};
		1C7F66FE2466A29200781406 /* CrudRouter */ = {
			isa = XCSwiftPackageProductDependency;
			package = 1C7F66FD2466A29200781406 /* XCRemoteSwiftPackageReference "VaporCRUDRouter" */;
			productName = CrudRouter;
		};
		1C7F67012466A2B100781406 /* SwiftyBeaver */ = {
			isa = XCSwiftPackageProductDependency;
			package = 1C7F67002466A2B100781406 /* XCRemoteSwiftPackageReference "SwiftyBeaver" */;
			productName = SwiftyBeaver;
		};
		1C7F670D2466A36C00781406 /* ArgumentParser */ = {
			isa = XCSwiftPackageProductDependency;
			package = 1C7F670C2466A36C00781406 /* XCRemoteSwiftPackageReference "swift-argument-parser" */;
			productName = ArgumentParser;
		};
		1C8020332467F1CB004031A1 /* Rainbow */ = {
			isa = XCSwiftPackageProductDependency;
			package = 1C8020322467F1CA004031A1 /* XCRemoteSwiftPackageReference "Rainbow" */;
			productName = Rainbow;
		};
		1C80203924680A28004031A1 /* Vapor */ = {
			isa = XCSwiftPackageProductDependency;
			package = 1C7F66F42466A1FB00781406 /* XCRemoteSwiftPackageReference "vapor" */;
			productName = Vapor;
		};
		1C80203B24680A28004031A1 /* FluentMySQL */ = {
			isa = XCSwiftPackageProductDependency;
			package = 1C7F66F72466A22400781406 /* XCRemoteSwiftPackageReference "fluent-mysql-driver" */;
			productName = FluentMySQL;
		};
		1C80203F24680A28004031A1 /* CrudRouter */ = {
			isa = XCSwiftPackageProductDependency;
			package = 1C7F66FD2466A29200781406 /* XCRemoteSwiftPackageReference "VaporCRUDRouter" */;
			productName = CrudRouter;
		};
		1C80204124680A28004031A1 /* SwiftyBeaver */ = {
			isa = XCSwiftPackageProductDependency;
			package = 1C7F67002466A2B100781406 /* XCRemoteSwiftPackageReference "SwiftyBeaver" */;
			productName = SwiftyBeaver;
		};
		1C80204724680A28004031A1 /* ArgumentParser */ = {
			isa = XCSwiftPackageProductDependency;
			package = 1C7F670C2466A36C00781406 /* XCRemoteSwiftPackageReference "swift-argument-parser" */;
			productName = ArgumentParser;
		};
		1C80204924680A28004031A1 /* Rainbow */ = {
			isa = XCSwiftPackageProductDependency;
			package = 1C8020322467F1CA004031A1 /* XCRemoteSwiftPackageReference "Rainbow" */;
			productName = Rainbow;
		};
		1C802051246993B0004031A1 /* MySQL */ = {
			isa = XCSwiftPackageProductDependency;
			package = 1C802050246993B0004031A1 /* XCRemoteSwiftPackageReference "mysql" */;
			productName = MySQL;
		};
/* End XCSwiftPackageProductDependency section */
	};
	rootObject = 1C7F66D62465AB5300781406 /* Project object */;
}
